// !$*UTF8*$!
{
	archiveVersion = 1;
	classes = {
	};
	objectVersion = 56;
	objects = {

/* Begin PBXBuildFile section */
		A6F247C52C21836500505108 /* SICommonFramework.docc in Sources */ = {isa = PBXBuildFile; fileRef = A6F247C42C21836500505108 /* SICommonFramework.docc */; };
		A6F247CB2C21836600505108 /* SICommonFramework.framework in Frameworks */ = {isa = PBXBuildFile; fileRef = A6F247C02C21836500505108 /* SICommonFramework.framework */; };
		A6F247D02C21836600505108 /* SICommonFrameworkTests.swift in Sources */ = {isa = PBXBuildFile; fileRef = A6F247CF2C21836600505108 /* SICommonFrameworkTests.swift */; };
		A6F247D12C21836600505108 /* SICommonFramework.h in Headers */ = {isa = PBXBuildFile; fileRef = A6F247C32C21836500505108 /* SICommonFramework.h */; settings = {ATTRIBUTES = (Public, ); }; };
		A6F247DC2C2183A400505108 /* ForceUpdatePopUp.swift in Sources */ = {isa = PBXBuildFile; fileRef = A6F247DB2C2183A400505108 /* ForceUpdatePopUp.swift */; };
		A6F247E52C21949900505108 /* PhotosFolderVC.swift in Sources */ = {isa = PBXBuildFile; fileRef = A6F247E42C21949900505108 /* PhotosFolderVC.swift */; };
		A6F247E72C2194FB00505108 /* LargeContentCell.swift in Sources */ = {isa = PBXBuildFile; fileRef = A6F247E62C2194FB00505108 /* LargeContentCell.swift */; };
		A6F247E92C21952900505108 /* SmallContentCell.swift in Sources */ = {isa = PBXBuildFile; fileRef = A6F247E82C21952900505108 /* SmallContentCell.swift */; };
/* End PBXBuildFile section */

/* Begin PBXContainerItemProxy section */
		A6F247CC2C21836600505108 /* PBXContainerItemProxy */ = {
			isa = PBXContainerItemProxy;
			containerPortal = A6F247B72C21836500505108 /* Project object */;
			proxyType = 1;
			remoteGlobalIDString = A6F247BF2C21836500505108;
			remoteInfo = SICommonFramework;
		};
/* End PBXContainerItemProxy section */

/* Begin PBXFileReference section */
		A6F247C02C21836500505108 /* SICommonFramework.framework */ = {isa = PBXFileReference; explicitFileType = wrapper.framework; includeInIndex = 0; path = SICommonFramework.framework; sourceTree = BUILT_PRODUCTS_DIR; };
		A6F247C32C21836500505108 /* SICommonFramework.h */ = {isa = PBXFileReference; lastKnownFileType = sourcecode.c.h; path = SICommonFramework.h; sourceTree = "<group>"; };
		A6F247C42C21836500505108 /* SICommonFramework.docc */ = {isa = PBXFileReference; lastKnownFileType = folder.documentationcatalog; path = SICommonFramework.docc; sourceTree = "<group>"; };
		A6F247CA2C21836600505108 /* SICommonFrameworkTests.xctest */ = {isa = PBXFileReference; explicitFileType = wrapper.cfbundle; includeInIndex = 0; path = SICommonFrameworkTests.xctest; sourceTree = BUILT_PRODUCTS_DIR; };
		A6F247CF2C21836600505108 /* SICommonFrameworkTests.swift */ = {isa = PBXFileReference; lastKnownFileType = sourcecode.swift; path = SICommonFrameworkTests.swift; sourceTree = "<group>"; };
		A6F247DB2C2183A400505108 /* ForceUpdatePopUp.swift */ = {isa = PBXFileReference; lastKnownFileType = sourcecode.swift; path = ForceUpdatePopUp.swift; sourceTree = "<group>"; };
		A6F247E42C21949900505108 /* PhotosFolderVC.swift */ = {isa = PBXFileReference; lastKnownFileType = sourcecode.swift; path = PhotosFolderVC.swift; sourceTree = "<group>"; };
		A6F247E62C2194FB00505108 /* LargeContentCell.swift */ = {isa = PBXFileReference; lastKnownFileType = sourcecode.swift; path = LargeContentCell.swift; sourceTree = "<group>"; };
		A6F247E82C21952900505108 /* SmallContentCell.swift */ = {isa = PBXFileReference; lastKnownFileType = sourcecode.swift; path = SmallContentCell.swift; sourceTree = "<group>"; };
/* End PBXFileReference section */

/* Begin PBXFrameworksBuildPhase section */
		A6F247BD2C21836500505108 /* Frameworks */ = {
			isa = PBXFrameworksBuildPhase;
			buildActionMask = 2147483647;
			files = (
			);
			runOnlyForDeploymentPostprocessing = 0;
		};
		A6F247C72C21836600505108 /* Frameworks */ = {
			isa = PBXFrameworksBuildPhase;
			buildActionMask = 2147483647;
			files = (
				A6F247CB2C21836600505108 /* SICommonFramework.framework in Frameworks */,
			);
			runOnlyForDeploymentPostprocessing = 0;
		};
/* End PBXFrameworksBuildPhase section */

/* Begin PBXGroup section */
		A6F247B62C21836500505108 = {
			isa = PBXGroup;
			children = (
				A6F247C22C21836500505108 /* SICommonFramework */,
				A6F247CE2C21836600505108 /* SICommonFrameworkTests */,
				A6F247C12C21836500505108 /* Products */,
			);
			sourceTree = "<group>";
		};
		A6F247C12C21836500505108 /* Products */ = {
			isa = PBXGroup;
			children = (
				A6F247C02C21836500505108 /* SICommonFramework.framework */,
				A6F247CA2C21836600505108 /* SICommonFrameworkTests.xctest */,
			);
			name = Products;
			sourceTree = "<group>";
		};
		A6F247C22C21836500505108 /* SICommonFramework */ = {
			isa = PBXGroup;
			children = (
				A6F247DD2C21907600505108 /* Photos Module */,
				A6F247DA2C21838600505108 /* SplashScreen Module */,
				A6F247C32C21836500505108 /* SICommonFramework.h */,
				A6F247C42C21836500505108 /* SICommonFramework.docc */,
			);
			path = SICommonFramework;
			sourceTree = "<group>";
		};
		A6F247CE2C21836600505108 /* SICommonFrameworkTests */ = {
			isa = PBXGroup;
			children = (
				A6F247CF2C21836600505108 /* SICommonFrameworkTests.swift */,
			);
			path = SICommonFrameworkTests;
			sourceTree = "<group>";
		};
		A6F247DA2C21838600505108 /* SplashScreen Module */ = {
			isa = PBXGroup;
			children = (
				A6F247DB2C2183A400505108 /* ForceUpdatePopUp.swift */,
			);
			path = "SplashScreen Module";
			sourceTree = "<group>";
		};
		A6F247DD2C21907600505108 /* Photos Module */ = {
			isa = PBXGroup;
			children = (
				A6F247E42C21949900505108 /* PhotosFolderVC.swift */,
				A6F247E62C2194FB00505108 /* LargeContentCell.swift */,
				A6F247E82C21952900505108 /* SmallContentCell.swift */,
			);
			path = "Photos Module";
			sourceTree = "<group>";
		};
/* End PBXGroup section */

/* Begin PBXHeadersBuildPhase section */
		A6F247BB2C21836500505108 /* Headers */ = {
			isa = PBXHeadersBuildPhase;
			buildActionMask = 2147483647;
			files = (
				A6F247D12C21836600505108 /* SICommonFramework.h in Headers */,
			);
			runOnlyForDeploymentPostprocessing = 0;
		};
/* End PBXHeadersBuildPhase section */

/* Begin PBXNativeTarget section */
		A6F247BF2C21836500505108 /* SICommonFramework */ = {
			isa = PBXNativeTarget;
			buildConfigurationList = A6F247D42C21836600505108 /* Build configuration list for PBXNativeTarget "SICommonFramework" */;
			buildPhases = (
				A6F247BB2C21836500505108 /* Headers */,
				A6F247BC2C21836500505108 /* Sources */,
				A6F247BD2C21836500505108 /* Frameworks */,
				A6F247BE2C21836500505108 /* Resources */,
			);
			buildRules = (
			);
			dependencies = (
			);
			name = SICommonFramework;
			productName = SICommonFramework;
			productReference = A6F247C02C21836500505108 /* SICommonFramework.framework */;
			productType = "com.apple.product-type.framework";
		};
		A6F247C92C21836600505108 /* SICommonFrameworkTests */ = {
			isa = PBXNativeTarget;
			buildConfigurationList = A6F247D72C21836600505108 /* Build configuration list for PBXNativeTarget "SICommonFrameworkTests" */;
			buildPhases = (
				A6F247C62C21836600505108 /* Sources */,
				A6F247C72C21836600505108 /* Frameworks */,
				A6F247C82C21836600505108 /* Resources */,
			);
			buildRules = (
			);
			dependencies = (
				A6F247CD2C21836600505108 /* PBXTargetDependency */,
			);
			name = SICommonFrameworkTests;
			productName = SICommonFrameworkTests;
			productReference = A6F247CA2C21836600505108 /* SICommonFrameworkTests.xctest */;
			productType = "com.apple.product-type.bundle.unit-test";
		};
/* End PBXNativeTarget section */

/* Begin PBXProject section */
		A6F247B72C21836500505108 /* Project object */ = {
			isa = PBXProject;
			attributes = {
				BuildIndependentTargetsInParallel = 1;
				LastSwiftUpdateCheck = 1500;
				LastUpgradeCheck = 1500;
				TargetAttributes = {
					A6F247BF2C21836500505108 = {
						CreatedOnToolsVersion = 15.0;
					};
					A6F247C92C21836600505108 = {
						CreatedOnToolsVersion = 15.0;
					};
				};
			};
			buildConfigurationList = A6F247BA2C21836500505108 /* Build configuration list for PBXProject "SICommonFramework" */;
			compatibilityVersion = "Xcode 14.0";
			developmentRegion = en;
			hasScannedForEncodings = 0;
			knownRegions = (
				en,
				Base,
			);
			mainGroup = A6F247B62C21836500505108;
			productRefGroup = A6F247C12C21836500505108 /* Products */;
			projectDirPath = "";
			projectRoot = "";
			targets = (
				A6F247BF2C21836500505108 /* SICommonFramework */,
				A6F247C92C21836600505108 /* SICommonFrameworkTests */,
			);
		};
/* End PBXProject section */

/* Begin PBXResourcesBuildPhase section */
		A6F247BE2C21836500505108 /* Resources */ = {
			isa = PBXResourcesBuildPhase;
			buildActionMask = 2147483647;
			files = (
			);
			runOnlyForDeploymentPostprocessing = 0;
		};
		A6F247C82C21836600505108 /* Resources */ = {
			isa = PBXResourcesBuildPhase;
			buildActionMask = 2147483647;
			files = (
			);
			runOnlyForDeploymentPostprocessing = 0;
		};
/* End PBXResourcesBuildPhase section */

/* Begin PBXSourcesBuildPhase section */
		A6F247BC2C21836500505108 /* Sources */ = {
			isa = PBXSourcesBuildPhase;
			buildActionMask = 2147483647;
			files = (
				A6F247C52C21836500505108 /* SICommonFramework.docc in Sources */,
				A6F247E52C21949900505108 /* PhotosFolderVC.swift in Sources */,
				A6F247DC2C2183A400505108 /* ForceUpdatePopUp.swift in Sources */,
				A6F247E72C2194FB00505108 /* LargeContentCell.swift in Sources */,
				A6F247E92C21952900505108 /* SmallContentCell.swift in Sources */,
			);
			runOnlyForDeploymentPostprocessing = 0;
		};
		A6F247C62C21836600505108 /* Sources */ = {
			isa = PBXSourcesBuildPhase;
			buildActionMask = 2147483647;
			files = (
				A6F247D02C21836600505108 /* SICommonFrameworkTests.swift in Sources */,
			);
			runOnlyForDeploymentPostprocessing = 0;
		};
/* End PBXSourcesBuildPhase section */

/* Begin PBXTargetDependency section */
		A6F247CD2C21836600505108 /* PBXTargetDependency */ = {
			isa = PBXTargetDependency;
			target = A6F247BF2C21836500505108 /* SICommonFramework */;
			targetProxy = A6F247CC2C21836600505108 /* PBXContainerItemProxy */;
		};
/* End PBXTargetDependency section */

/* Begin XCBuildConfiguration section */
		A6F247D22C21836600505108 /* Debug */ = {
			isa = XCBuildConfiguration;
			buildSettings = {
				ALWAYS_SEARCH_USER_PATHS = NO;
				ASSETCATALOG_COMPILER_GENERATE_SWIFT_ASSET_SYMBOL_EXTENSIONS = YES;
				CLANG_ANALYZER_NONNULL = YES;
				CLANG_ANALYZER_NUMBER_OBJECT_CONVERSION = YES_AGGRESSIVE;
				CLANG_CXX_LANGUAGE_STANDARD = "gnu++20";
				CLANG_ENABLE_MODULES = YES;
				CLANG_ENABLE_OBJC_ARC = YES;
				CLANG_ENABLE_OBJC_WEAK = YES;
				CLANG_WARN_BLOCK_CAPTURE_AUTORELEASING = YES;
				CLANG_WARN_BOOL_CONVERSION = YES;
				CLANG_WARN_COMMA = YES;
				CLANG_WARN_CONSTANT_CONVERSION = YES;
				CLANG_WARN_DEPRECATED_OBJC_IMPLEMENTATIONS = YES;
				CLANG_WARN_DIRECT_OBJC_ISA_USAGE = YES_ERROR;
				CLANG_WARN_DOCUMENTATION_COMMENTS = YES;
				CLANG_WARN_EMPTY_BODY = YES;
				CLANG_WARN_ENUM_CONVERSION = YES;
				CLANG_WARN_INFINITE_RECURSION = YES;
				CLANG_WARN_INT_CONVERSION = YES;
				CLANG_WARN_NON_LITERAL_NULL_CONVERSION = YES;
				CLANG_WARN_OBJC_IMPLICIT_RETAIN_SELF = YES;
				CLANG_WARN_OBJC_LITERAL_CONVERSION = YES;
				CLANG_WARN_OBJC_ROOT_CLASS = YES_ERROR;
				CLANG_WARN_QUOTED_INCLUDE_IN_FRAMEWORK_HEADER = YES;
				CLANG_WARN_RANGE_LOOP_ANALYSIS = YES;
				CLANG_WARN_STRICT_PROTOTYPES = YES;
				CLANG_WARN_SUSPICIOUS_MOVE = YES;
				CLANG_WARN_UNGUARDED_AVAILABILITY = YES_AGGRESSIVE;
				CLANG_WARN_UNREACHABLE_CODE = YES;
				CLANG_WARN__DUPLICATE_METHOD_MATCH = YES;
				COPY_PHASE_STRIP = NO;
				CURRENT_PROJECT_VERSION = 1;
				DEBUG_INFORMATION_FORMAT = dwarf;
				ENABLE_STRICT_OBJC_MSGSEND = YES;
				ENABLE_TESTABILITY = YES;
				ENABLE_USER_SCRIPT_SANDBOXING = YES;
				GCC_C_LANGUAGE_STANDARD = gnu17;
				GCC_DYNAMIC_NO_PIC = NO;
				GCC_NO_COMMON_BLOCKS = YES;
				GCC_OPTIMIZATION_LEVEL = 0;
				GCC_PREPROCESSOR_DEFINITIONS = (
					"DEBUG=1",
					"$(inherited)",
				);
				GCC_WARN_64_TO_32_BIT_CONVERSION = YES;
				GCC_WARN_ABOUT_RETURN_TYPE = YES_ERROR;
				GCC_WARN_UNDECLARED_SELECTOR = YES;
				GCC_WARN_UNINITIALIZED_AUTOS = YES_AGGRESSIVE;
				GCC_WARN_UNUSED_FUNCTION = YES;
				GCC_WARN_UNUSED_VARIABLE = YES;
				IPHONEOS_DEPLOYMENT_TARGET = 17.0;
				LOCALIZATION_PREFERS_STRING_CATALOGS = YES;
				MTL_ENABLE_DEBUG_INFO = INCLUDE_SOURCE;
				MTL_FAST_MATH = YES;
				ONLY_ACTIVE_ARCH = YES;
				SDKROOT = iphoneos;
				SWIFT_ACTIVE_COMPILATION_CONDITIONS = "DEBUG $(inherited)";
				SWIFT_OPTIMIZATION_LEVEL = "-Onone";
				VERSIONING_SYSTEM = "apple-generic";
				VERSION_INFO_PREFIX = "";
			};
			name = Debug;
		};
		A6F247D32C21836600505108 /* Release */ = {
			isa = XCBuildConfiguration;
			buildSettings = {
				ALWAYS_SEARCH_USER_PATHS = NO;
				ASSETCATALOG_COMPILER_GENERATE_SWIFT_ASSET_SYMBOL_EXTENSIONS = YES;
				CLANG_ANALYZER_NONNULL = YES;
				CLANG_ANALYZER_NUMBER_OBJECT_CONVERSION = YES_AGGRESSIVE;
				CLANG_CXX_LANGUAGE_STANDARD = "gnu++20";
				CLANG_ENABLE_MODULES = YES;
				CLANG_ENABLE_OBJC_ARC = YES;
				CLANG_ENABLE_OBJC_WEAK = YES;
				CLANG_WARN_BLOCK_CAPTURE_AUTORELEASING = YES;
				CLANG_WARN_BOOL_CONVERSION = YES;
				CLANG_WARN_COMMA = YES;
				CLANG_WARN_CONSTANT_CONVERSION = YES;
				CLANG_WARN_DEPRECATED_OBJC_IMPLEMENTATIONS = YES;
				CLANG_WARN_DIRECT_OBJC_ISA_USAGE = YES_ERROR;
				CLANG_WARN_DOCUMENTATION_COMMENTS = YES;
				CLANG_WARN_EMPTY_BODY = YES;
				CLANG_WARN_ENUM_CONVERSION = YES;
				CLANG_WARN_INFINITE_RECURSION = YES;
				CLANG_WARN_INT_CONVERSION = YES;
				CLANG_WARN_NON_LITERAL_NULL_CONVERSION = YES;
				CLANG_WARN_OBJC_IMPLICIT_RETAIN_SELF = YES;
				CLANG_WARN_OBJC_LITERAL_CONVERSION = YES;
				CLANG_WARN_OBJC_ROOT_CLASS = YES_ERROR;
				CLANG_WARN_QUOTED_INCLUDE_IN_FRAMEWORK_HEADER = YES;
				CLANG_WARN_RANGE_LOOP_ANALYSIS = YES;
				CLANG_WARN_STRICT_PROTOTYPES = YES;
				CLANG_WARN_SUSPICIOUS_MOVE = YES;
				CLANG_WARN_UNGUARDED_AVAILABILITY = YES_AGGRESSIVE;
				CLANG_WARN_UNREACHABLE_CODE = YES;
				CLANG_WARN__DUPLICATE_METHOD_MATCH = YES;
				COPY_PHASE_STRIP = NO;
				CURRENT_PROJECT_VERSION = 1;
				DEBUG_INFORMATION_FORMAT = "dwarf-with-dsym";
				ENABLE_NS_ASSERTIONS = NO;
				ENABLE_STRICT_OBJC_MSGSEND = YES;
				ENABLE_USER_SCRIPT_SANDBOXING = YES;
				GCC_C_LANGUAGE_STANDARD = gnu17;
				GCC_NO_COMMON_BLOCKS = YES;
				GCC_WARN_64_TO_32_BIT_CONVERSION = YES;
				GCC_WARN_ABOUT_RETURN_TYPE = YES_ERROR;
				GCC_WARN_UNDECLARED_SELECTOR = YES;
				GCC_WARN_UNINITIALIZED_AUTOS = YES_AGGRESSIVE;
				GCC_WARN_UNUSED_FUNCTION = YES;
				GCC_WARN_UNUSED_VARIABLE = YES;
				IPHONEOS_DEPLOYMENT_TARGET = 17.0;
				LOCALIZATION_PREFERS_STRING_CATALOGS = YES;
				MTL_ENABLE_DEBUG_INFO = NO;
				MTL_FAST_MATH = YES;
				SDKROOT = iphoneos;
				SWIFT_COMPILATION_MODE = wholemodule;
				VALIDATE_PRODUCT = YES;
				VERSIONING_SYSTEM = "apple-generic";
				VERSION_INFO_PREFIX = "";
			};
			name = Release;
		};
		A6F247D52C21836600505108 /* Debug */ = {
			isa = XCBuildConfiguration;
			buildSettings = {
				CODE_SIGN_STYLE = Automatic;
				CURRENT_PROJECT_VERSION = 1;
				DEFINES_MODULE = YES;
				DYLIB_COMPATIBILITY_VERSION = 1;
				DYLIB_CURRENT_VERSION = 1;
				DYLIB_INSTALL_NAME_BASE = "@rpath";
				ENABLE_MODULE_VERIFIER = YES;
				GENERATE_INFOPLIST_FILE = YES;
				INFOPLIST_KEY_NSHumanReadableCopyright = "";
				INSTALL_PATH = "$(LOCAL_LIBRARY_DIR)/Frameworks";
				LD_RUNPATH_SEARCH_PATHS = (
					"$(inherited)",
					"@executable_path/Frameworks",
					"@loader_path/Frameworks",
				);
				MARKETING_VERSION = 1.0;
				MODULE_VERIFIER_SUPPORTED_LANGUAGES = "objective-c objective-c++";
				MODULE_VERIFIER_SUPPORTED_LANGUAGE_STANDARDS = "gnu17 gnu++20";
				PRODUCT_BUNDLE_IDENTIFIER = com.si.SICommonFramework;
				PRODUCT_NAME = "$(TARGET_NAME:c99extidentifier)";
				SKIP_INSTALL = YES;
				SWIFT_EMIT_LOC_STRINGS = YES;
				SWIFT_VERSION = 5.0;
				TARGETED_DEVICE_FAMILY = "1,2";
			};
			name = Debug;
		};
		A6F247D62C21836600505108 /* Release */ = {
			isa = XCBuildConfiguration;
			buildSettings = {
				CODE_SIGN_STYLE = Automatic;
				CURRENT_PROJECT_VERSION = 1;
				DEFINES_MODULE = YES;
				DYLIB_COMPATIBILITY_VERSION = 1;
				DYLIB_CURRENT_VERSION = 1;
				DYLIB_INSTALL_NAME_BASE = "@rpath";
				ENABLE_MODULE_VERIFIER = YES;
				GENERATE_INFOPLIST_FILE = YES;
				INFOPLIST_KEY_NSHumanReadableCopyright = "";
				INSTALL_PATH = "$(LOCAL_LIBRARY_DIR)/Frameworks";
				LD_RUNPATH_SEARCH_PATHS = (
					"$(inherited)",
					"@executable_path/Frameworks",
					"@loader_path/Frameworks",
				);
				MARKETING_VERSION = 1.0;
				MODULE_VERIFIER_SUPPORTED_LANGUAGES = "objective-c objective-c++";
				MODULE_VERIFIER_SUPPORTED_LANGUAGE_STANDARDS = "gnu17 gnu++20";
				PRODUCT_BUNDLE_IDENTIFIER = com.si.SICommonFramework;
				PRODUCT_NAME = "$(TARGET_NAME:c99extidentifier)";
				SKIP_INSTALL = YES;
				SWIFT_EMIT_LOC_STRINGS = YES;
				SWIFT_VERSION = 5.0;
				TARGETED_DEVICE_FAMILY = "1,2";
			};
			name = Release;
		};
		A6F247D82C21836600505108 /* Debug */ = {
			isa = XCBuildConfiguration;
			buildSettings = {
				ALWAYS_EMBED_SWIFT_STANDARD_LIBRARIES = YES;
				CODE_SIGN_STYLE = Automatic;
				CURRENT_PROJECT_VERSION = 1;
				GENERATE_INFOPLIST_FILE = YES;
				MARKETING_VERSION = 1.0;
				PRODUCT_BUNDLE_IDENTIFIER = com.si.SICommonFrameworkTests;
				PRODUCT_NAME = "$(TARGET_NAME)";
				SWIFT_EMIT_LOC_STRINGS = NO;
				SWIFT_VERSION = 5.0;
				TARGETED_DEVICE_FAMILY = "1,2";
			};
			name = Debug;
		};
		A6F247D92C21836600505108 /* Release */ = {
			isa = XCBuildConfiguration;
			buildSettings = {
				ALWAYS_EMBED_SWIFT_STANDARD_LIBRARIES = YES;
				CODE_SIGN_STYLE = Automatic;
				CURRENT_PROJECT_VERSION = 1;
				GENERATE_INFOPLIST_FILE = YES;
				MARKETING_VERSION = 1.0;
				PRODUCT_BUNDLE_IDENTIFIER = com.si.SICommonFrameworkTests;
				PRODUCT_NAME = "$(TARGET_NAME)";
				SWIFT_EMIT_LOC_STRINGS = NO;
				SWIFT_VERSION = 5.0;
				TARGETED_DEVICE_FAMILY = "1,2";
			};
			name = Release;
		};
/* End XCBuildConfiguration section */

/* Begin XCConfigurationList section */
		A6F247BA2C21836500505108 /* Build configuration list for PBXProject "SICommonFramework" */ = {
			isa = XCConfigurationList;
			buildConfigurations = (
				A6F247D22C21836600505108 /* Debug */,
				A6F247D32C21836600505108 /* Release */,
			);
			defaultConfigurationIsVisible = 0;
			defaultConfigurationName = Release;
		};
		A6F247D42C21836600505108 /* Build configuration list for PBXNativeTarget "SICommonFramework" */ = {
			isa = XCConfigurationList;
			buildConfigurations = (
				A6F247D52C21836600505108 /* Debug */,
				A6F247D62C21836600505108 /* Release */,
			);
			defaultConfigurationIsVisible = 0;
			defaultConfigurationName = Release;
		};
		A6F247D72C21836600505108 /* Build configuration list for PBXNativeTarget "SICommonFrameworkTests" */ = {
			isa = XCConfigurationList;
			buildConfigurations = (
				A6F247D82C21836600505108 /* Debug */,
				A6F247D92C21836600505108 /* Release */,
			);
			defaultConfigurationIsVisible = 0;
			defaultConfigurationName = Release;
		};
/* End XCConfigurationList section */
	};
	rootObject = A6F247B72C21836500505108 /* Project object */;
}
